DEPENDENCIES
  netdata
    git: https://github.com/jmadureira/netdata-cookbook.git
    revision: 7858ca3cedac092db212f7497891544c6f5fc200
    branch: 7858ca3cedac092db212f7497891544c6f5fc200
  volgactf-final
    git: https://github.com/VolgaCTF/volgactf-final-cookbook.git
    revision: 8c7b9780a510f14641bdf627fb2c6de6d51ef906
    tag: v1.4.2
  volgactf-final-main
    path: local-cookbooks/volgactf-final-main

GRAPH
  agit (0.1.2)
  apt (6.1.4)
  ark (4.0.0)
    build-essential (>= 0.0.0)
    seven_zip (>= 0.0.0)
  build-essential (8.2.1)
    mingw (>= 1.1)
    seven_zip (>= 0.0.0)
  chef-sugar (5.0.1)
  compat_resource (12.19.1)
  docker (4.9.3)
  firewall (2.7.0)
    chef-sugar (>= 0.0.0)
  git (9.0.1)
    build-essential (>= 5.0.0)
  graphicsmagick (0.1.0)
  htpasswd (0.3.0)
    poise-python (>= 0.0.0)
  instance (2.0.1)
  line (2.4.1)
  logrotate (2.2.0)
  mingw (2.1.0)
    seven_zip (>= 0.0.0)
  netdata (0.4.1)
    apt (< 7.0.0)
    yum-epel (< 3.0.0)
  ngx (2.1.1)
    ohai (~> 5.2.5)
  ngx-modules (1.1.1)
    ngx (>= 2.0.0)
  nodejs (6.0.0)
    ark (>= 2.0.2)
    build-essential (>= 5.0)
  ntp (3.6.2)
  ohai (5.2.5)
  poise (2.8.2)
  poise-archive (1.5.0)
    poise (~> 2.6)
  poise-languages (2.1.2)
    poise (~> 2.5)
    poise-archive (~> 1.0)
  poise-python (1.7.0)
    poise (~> 2.7)
    poise-languages (~> 2.0)
  postgresql (7.1.4)
  redisio (3.0.0)
    build-essential (>= 5.0)
    selinux_policy (>= 0.0.0)
    ulimit (>= 0.1.2)
  ruby_rbenv (2.1.3)
  secret (1.0.0)
    instance (~> 2.0.0)
  selinux_policy (2.3.4)
  seven_zip (3.1.1)
    windows (>= 0.0.0)
  ssh_known_hosts (6.2.0)
  tls (3.2.0)
  ulimit (1.0.0)
  volgactf-final (1.4.2)
    agit (~> 0.1.2)
    htpasswd (~> 0.3.0)
    ngx (~> 2.1.1)
    nodejs (~> 6.0.0)
    ruby_rbenv (~> 2.1.2)
    tls (~> 3.2.0)
  volgactf-final-main (1.4.2)
    agit (~> 0.1.2)
    docker (~> 4.9.2)
    firewall (~> 2.7.0)
    git (~> 9.0.1)
    graphicsmagick (~> 0.1.0)
    instance (~> 2.0.1)
    line (~> 2.4.1)
    logrotate (~> 2.2.0)
    netdata (~> 0.4.1)
    ngx (~> 2.1.1)
    ngx-modules (~> 1.1.1)
    nodejs (~> 6.0.0)
    ntp (~> 3.6.2)
    postgresql (~> 7.1.4)
    redisio (~> 3.0.0)
    ruby_rbenv (~> 2.1.2)
    secret (~> 1.0.0)
    ssh_known_hosts (~> 6.2.0)
    volgactf-final (~> 1.4.2)
    vpn (~> 0.2.3)
  vpn (0.2.3)
    firewall (~> 2.7.0)
    line (>= 2.3.0)
  windows (6.0.0)
  yum-epel (2.1.2)
    compat_resource (>= 12.16.3)
